// !$*UTF8*$!
{
	archiveVersion = 1;
	classes = {
	};
	objectVersion = 48;
	objects = {

/* Begin PBXBuildFile section */
		4942A8CA1F93E5E700886F0E /* AppDelegate.m in Sources */ = {isa = PBXBuildFile; fileRef = 4942A8C91F93E5E700886F0E /* AppDelegate.m */; };
		4942A8CD1F93E5E700886F0E /* ViewController.m in Sources */ = {isa = PBXBuildFile; fileRef = 4942A8CC1F93E5E700886F0E /* ViewController.m */; };
		4942A8D01F93E5E700886F0E /* Main.storyboard in Resources */ = {isa = PBXBuildFile; fileRef = 4942A8CE1F93E5E700886F0E /* Main.storyboard */; };
		4942A8D21F93E5E700886F0E /* Assets.xcassets in Resources */ = {isa = PBXBuildFile; fileRef = 4942A8D11F93E5E700886F0E /* Assets.xcassets */; };
		4942A8D51F93E5E700886F0E /* LaunchScreen.storyboard in Resources */ = {isa = PBXBuildFile; fileRef = 4942A8D31F93E5E700886F0E /* LaunchScreen.storyboard */; };
		4942A8D81F93E5E700886F0E /* main.m in Sources */ = {isa = PBXBuildFile; fileRef = 4942A8D71F93E5E700886F0E /* main.m */; };
		4942A8E31F93E73700886F0E /* LineModel.m in Sources */ = {isa = PBXBuildFile; fileRef = 4942A8E21F93E73700886F0E /* LineModel.m */; };
		4942A8E61F93E74000886F0E /* LineSegmentModel.m in Sources */ = {isa = PBXBuildFile; fileRef = 4942A8E51F93E74000886F0E /* LineSegmentModel.m */; };
		4942A8EC1F945E3500886F0E /* PaintView.m in Sources */ = {isa = PBXBuildFile; fileRef = 4942A8EB1F945E3500886F0E /* PaintView.m */; };
/* End PBXBuildFile section */

/* Begin PBXFileReference section */
		4942A8C51F93E5E700886F0E /* FingerPaint.app */ = {isa = PBXFileReference; explicitFileType = wrapper.application; includeInIndex = 0; path = FingerPaint.app; sourceTree = BUILT_PRODUCTS_DIR; };
		4942A8C81F93E5E700886F0E /* AppDelegate.h */ = {isa = PBXFileReference; lastKnownFileType = sourcecode.c.h; path = AppDelegate.h; sourceTree = "<group>"; };
		4942A8C91F93E5E700886F0E /* AppDelegate.m */ = {isa = PBXFileReference; lastKnownFileType = sourcecode.c.objc; path = AppDelegate.m; sourceTree = "<group>"; };
		4942A8CB1F93E5E700886F0E /* ViewController.h */ = {isa = PBXFileReference; lastKnownFileType = sourcecode.c.h; path = ViewController.h; sourceTree = "<group>"; };
		4942A8CC1F93E5E700886F0E /* ViewController.m */ = {isa = PBXFileReference; lastKnownFileType = sourcecode.c.objc; path = ViewController.m; sourceTree = "<group>"; };
		4942A8CF1F93E5E700886F0E /* Base */ = {isa = PBXFileReference; lastKnownFileType = file.storyboard; name = Base; path = Base.lproj/Main.storyboard; sourceTree = "<group>"; };
		4942A8D11F93E5E700886F0E /* Assets.xcassets */ = {isa = PBXFileReference; lastKnownFileType = folder.assetcatalog; path = Assets.xcassets; sourceTree = "<group>"; };
		4942A8D41F93E5E700886F0E /* Base */ = {isa = PBXFileReference; lastKnownFileType = file.storyboard; name = Base; path = Base.lproj/LaunchScreen.storyboard; sourceTree = "<group>"; };
		4942A8D61F93E5E700886F0E /* Info.plist */ = {isa = PBXFileReference; lastKnownFileType = text.plist.xml; path = Info.plist; sourceTree = "<group>"; };
		4942A8D71F93E5E700886F0E /* main.m */ = {isa = PBXFileReference; lastKnownFileType = sourcecode.c.objc; path = main.m; sourceTree = "<group>"; };
		4942A8E11F93E73700886F0E /* LineModel.h */ = {isa = PBXFileReference; lastKnownFileType = sourcecode.c.h; path = LineModel.h; sourceTree = "<group>"; };
		4942A8E21F93E73700886F0E /* LineModel.m */ = {isa = PBXFileReference; lastKnownFileType = sourcecode.c.objc; path = LineModel.m; sourceTree = "<group>"; };
		4942A8E41F93E74000886F0E /* LineSegmentModel.h */ = {isa = PBXFileReference; lastKnownFileType = sourcecode.c.h; path = LineSegmentModel.h; sourceTree = "<group>"; };
		4942A8E51F93E74000886F0E /* LineSegmentModel.m */ = {isa = PBXFileReference; lastKnownFileType = sourcecode.c.objc; path = LineSegmentModel.m; sourceTree = "<group>"; };
		4942A8EA1F945E3500886F0E /* PaintView.h */ = {isa = PBXFileReference; lastKnownFileType = sourcecode.c.h; path = PaintView.h; sourceTree = "<group>"; };
		4942A8EB1F945E3500886F0E /* PaintView.m */ = {isa = PBXFileReference; lastKnownFileType = sourcecode.c.objc; path = PaintView.m; sourceTree = "<group>"; };
/* End PBXFileReference section */

/* Begin PBXFrameworksBuildPhase section */
		4942A8C21F93E5E700886F0E /* Frameworks */ = {
			isa = PBXFrameworksBuildPhase;
			buildActionMask = 2147483647;
			files = (
			);
			runOnlyForDeploymentPostprocessing = 0;
		};
/* End PBXFrameworksBuildPhase section */

/* Begin PBXGroup section */
		4942A8BC1F93E5E700886F0E = {
			isa = PBXGroup;
			children = (
				4942A8C71F93E5E700886F0E /* FingerPaint */,
				4942A8C61F93E5E700886F0E /* Products */,
			);
			sourceTree = "<group>";
		};
		4942A8C61F93E5E700886F0E /* Products */ = {
			isa = PBXGroup;
			children = (
				4942A8C51F93E5E700886F0E /* FingerPaint.app */,
			);
			name = Products;
			sourceTree = "<group>";
		};
		4942A8C71F93E5E700886F0E /* FingerPaint */ = {
			isa = PBXGroup;
			children = (
				4942A8C81F93E5E700886F0E /* AppDelegate.h */,
				4942A8C91F93E5E700886F0E /* AppDelegate.m */,
				4942A8CB1F93E5E700886F0E /* ViewController.h */,
				4942A8CC1F93E5E700886F0E /* ViewController.m */,
				4942A8EA1F945E3500886F0E /* PaintView.h */,
				4942A8EB1F945E3500886F0E /* PaintView.m */,
				4942A8CE1F93E5E700886F0E /* Main.storyboard */,
				4942A8E11F93E73700886F0E /* LineModel.h */,
				4942A8E21F93E73700886F0E /* LineModel.m */,
				4942A8E41F93E74000886F0E /* LineSegmentModel.h */,
				4942A8E51F93E74000886F0E /* LineSegmentModel.m */,
				4942A8D11F93E5E700886F0E /* Assets.xcassets */,
				4942A8D31F93E5E700886F0E /* LaunchScreen.storyboard */,
				4942A8D61F93E5E700886F0E /* Info.plist */,
				4942A8D71F93E5E700886F0E /* main.m */,
			);
			path = FingerPaint;
			sourceTree = "<group>";
		};
/* End PBXGroup section */

/* Begin PBXNativeTarget section */
		4942A8C41F93E5E700886F0E /* FingerPaint */ = {
			isa = PBXNativeTarget;
			buildConfigurationList = 4942A8DB1F93E5E700886F0E /* Build configuration list for PBXNativeTarget "FingerPaint" */;
			buildPhases = (
				4942A8C11F93E5E700886F0E /* Sources */,
				4942A8C21F93E5E700886F0E /* Frameworks */,
				4942A8C31F93E5E700886F0E /* Resources */,
			);
			buildRules = (
			);
			dependencies = (
			);
			name = FingerPaint;
			productName = FingerPaint;
			productReference = 4942A8C51F93E5E700886F0E /* FingerPaint.app */;
			productType = "com.apple.product-type.application";
		};
/* End PBXNativeTarget section */

/* Begin PBXProject section */
		4942A8BD1F93E5E700886F0E /* Project object */ = {
			isa = PBXProject;
			attributes = {
				LastUpgradeCheck = 0900;
				ORGANIZATIONNAME = Andrew;
				TargetAttributes = {
					4942A8C41F93E5E700886F0E = {
						CreatedOnToolsVersion = 9.0;
						ProvisioningStyle = Automatic;
					};
				};
			};
			buildConfigurationList = 4942A8C01F93E5E700886F0E /* Build configuration list for PBXProject "FingerPaint" */;
			compatibilityVersion = "Xcode 8.0";
			developmentRegion = en;
			hasScannedForEncodings = 0;
			knownRegions = (
				en,
				Base,
			);
			mainGroup = 4942A8BC1F93E5E700886F0E;
			productRefGroup = 4942A8C61F93E5E700886F0E /* Products */;
			projectDirPath = "";
			projectRoot = "";
			targets = (
				4942A8C41F93E5E700886F0E /* FingerPaint */,
			);
		};
/* End PBXProject section */

/* Begin PBXResourcesBuildPhase section */
		4942A8C31F93E5E700886F0E /* Resources */ = {
			isa = PBXResourcesBuildPhase;
			buildActionMask = 2147483647;
			files = (
				4942A8D51F93E5E700886F0E /* LaunchScreen.storyboard in Resources */,
				4942A8D21F93E5E700886F0E /* Assets.xcassets in Resources */,
				4942A8D01F93E5E700886F0E /* Main.storyboard in Resources */,
			);
			runOnlyForDeploymentPostprocessing = 0;
		};
/* End PBXResourcesBuildPhase section */

/* Begin PBXSourcesBuildPhase section */
		4942A8C11F93E5E700886F0E /* Sources */ = {
			isa = PBXSourcesBuildPhase;
			buildActionMask = 2147483647;
			files = (
				4942A8E31F93E73700886F0E /* LineModel.m in Sources */,
				4942A8CD1F93E5E700886F0E /* ViewController.m in Sources */,
				4942A8D81F93E5E700886F0E /* main.m in Sources */,
				4942A8CA1F93E5E700886F0E /* AppDelegate.m in Sources */,
				4942A8E61F93E74000886F0E /* LineSegmentModel.m in Sources */,
				4942A8EC1F945E3500886F0E /* PaintView.m in Sources */,
			);
			runOnlyForDeploymentPostprocessing = 0;
		};
/* End PBXSourcesBuildPhase section */

/* Begin PBXVariantGroup section */
		4942A8CE1F93E5E700886F0E /* Main.storyboard */ = {
			isa = PBXVariantGroup;
			children = (
				4942A8CF1F93E5E700886F0E /* Base */,
			);
			name = Main.storyboard;
			sourceTree = "<group>";
		};
		4942A8D31F93E5E700886F0E /* LaunchScreen.storyboard */ = {
			isa = PBXVariantGroup;
			children = (
				4942A8D41F93E5E700886F0E /* Base */,
			);
			name = LaunchScreen.storyboard;
			sourceTree = "<group>";
		};
/* End PBXVariantGroup section */

/* Begin XCBuildConfiguration section */
		4942A8D91F93E5E700886F0E /* Debug */ = {
			isa = XCBuildConfiguration;
			buildSettings = {
				ALWAYS_SEARCH_USER_PATHS = NO;
				CLANG_ANALYZER_NONNULL = YES;
				CLANG_ANALYZER_NUMBER_OBJECT_CONVERSION = YES_AGGRESSIVE;
				CLANG_CXX_LANGUAGE_STANDARD = "gnu++14";
				CLANG_CXX_LIBRARY = "libc++";
				CLANG_ENABLE_MODULES = YES;
				CLANG_ENABLE_OBJC_ARC = YES;
				CLANG_WARN_BLOCK_CAPTURE_AUTORELEASING = YES;
				CLANG_WARN_BOOL_CONVERSION = YES;
				CLANG_WARN_COMMA = YES;
				CLANG_WARN_CONSTANT_CONVERSION = YES;
				CLANG_WARN_DIRECT_OBJC_ISA_USAGE = YES_ERROR;
				CLANG_WARN_DOCUMENTATION_COMMENTS = YES;
				CLANG_WARN_EMPTY_BODY = YES;
				CLANG_WARN_ENUM_CONVERSION = YES;
				CLANG_WARN_INFINITE_RECURSION = YES;
				CLANG_WARN_INT_CONVERSION = YES;
				CLANG_WARN_NON_LITERAL_NULL_CONVERSION = YES;
				CLANG_WARN_OBJC_LITERAL_CONVERSION = YES;
				CLANG_WARN_OBJC_ROOT_CLASS = YES_ERROR;
				CLANG_WARN_RANGE_LOOP_ANALYSIS = YES;
				CLANG_WARN_STRICT_PROTOTYPES = YES;
				CLANG_WARN_SUSPICIOUS_MOVE = YES;
				CLANG_WARN_UNGUARDED_AVAILABILITY = YES_AGGRESSIVE;
				CLANG_WARN_UNREACHABLE_CODE = YES;
				CLANG_WARN__DUPLICATE_METHOD_MATCH = YES;
				CODE_SIGN_IDENTITY = "iPhone Developer";
				COPY_PHASE_STRIP = NO;
				DEBUG_INFORMATION_FORMAT = dwarf;
				ENABLE_STRICT_OBJC_MSGSEND = YES;
				ENABLE_TESTABILITY = YES;
				GCC_C_LANGUAGE_STANDARD = gnu11;
				GCC_DYNAMIC_NO_PIC = NO;
				GCC_NO_COMMON_BLOCKS = YES;
				GCC_OPTIMIZATION_LEVEL = 0;
				GCC_PREPROCESSOR_DEFINITIONS = (
					"DEBUG=1",
					"$(inherited)",
				);
				GCC_WARN_64_TO_32_BIT_CONVERSION = YES;
				GCC_WARN_ABOUT_RETURN_TYPE = YES_ERROR;
				GCC_WARN_UNDECLARED_SELECTOR = YES;
				GCC_WARN_UNINITIALIZED_AUTOS = YES_AGGRESSIVE;
				GCC_WARN_UNUSED_FUNCTION = YES;
				GCC_WARN_UNUSED_VARIABLE = YES;
				IPHONEOS_DEPLOYMENT_TARGET = 11.0;
				MTL_ENABLE_DEBUG_INFO = YES;
				ONLY_ACTIVE_ARCH = YES;
				SDKROOT = iphoneos;
			};
			name = Debug;
		};
		4942A8DA1F93E5E700886F0E /* Release */ = {
			isa = XCBuildConfiguration;
			buildSettings = {
				ALWAYS_SEARCH_USER_PATHS = NO;
				CLANG_ANALYZER_NONNULL = YES;
				CLANG_ANALYZER_NUMBER_OBJECT_CONVERSION = YES_AGGRESSIVE;
				CLANG_CXX_LANGUAGE_STANDARD = "gnu++14";
				CLANG_CXX_LIBRARY = "libc++";
				CLANG_ENABLE_MODULES = YES;
				CLANG_ENABLE_OBJC_ARC = YES;
				CLANG_WARN_BLOCK_CAPTURE_AUTORELEASING = YES;
				CLANG_WARN_BOOL_CONVERSION = YES;
				CLANG_WARN_COMMA = YES;
				CLANG_WARN_CONSTANT_CONVERSION = YES;
				CLANG_WARN_DIRECT_OBJC_ISA_USAGE = YES_ERROR;
				CLANG_WARN_DOCUMENTATION_COMMENTS = YES;
				CLANG_WARN_EMPTY_BODY = YES;
				CLANG_WARN_ENUM_CONVERSION = YES;
				CLANG_WARN_INFINITE_RECURSION = YES;
				CLANG_WARN_INT_CONVERSION = YES;
				CLANG_WARN_NON_LITERAL_NULL_CONVERSION = YES;
				CLANG_WARN_OBJC_LITERAL_CONVERSION = YES;
				CLANG_WARN_OBJC_ROOT_CLASS = YES_ERROR;
				CLANG_WARN_RANGE_LOOP_ANALYSIS = YES;
				CLANG_WARN_STRICT_PROTOTYPES = YES;
				CLANG_WARN_SUSPICIOUS_MOVE = YES;
				CLANG_WARN_UNGUARDED_AVAILABILITY = YES_AGGRESSIVE;
				CLANG_WARN_UNREACHABLE_CODE = YES;
				CLANG_WARN__DUPLICATE_METHOD_MATCH = YES;
				CODE_SIGN_IDENTITY = "iPhone Developer";
				COPY_PHASE_STRIP = NO;
				DEBUG_INFORMATION_FORMAT = "dwarf-with-dsym";
				ENABLE_NS_ASSERTIONS = NO;
				ENABLE_STRICT_OBJC_MSGSEND = YES;
				GCC_C_LANGUAGE_STANDARD = gnu11;
				GCC_NO_COMMON_BLOCKS = YES;
				GCC_WARN_64_TO_32_BIT_CONVERSION = YES;
				GCC_WARN_ABOUT_RETURN_TYPE = YES_ERROR;
				GCC_WARN_UNDECLARED_SELECTOR = YES;
				GCC_WARN_UNINITIALIZED_AUTOS = YES_AGGRESSIVE;
				GCC_WARN_UNUSED_FUNCTION = YES;
				GCC_WARN_UNUSED_VARIABLE = YES;
				IPHONEOS_DEPLOYMENT_TARGET = 11.0;
				MTL_ENABLE_DEBUG_INFO = NO;
				SDKROOT = iphoneos;
				VALIDATE_PRODUCT = YES;
			};
			name = Release;
		};
		4942A8DC1F93E5E700886F0E /* Debug */ = {
			isa = XCBuildConfiguration;
			buildSettings = {
				ASSETCATALOG_COMPILER_APPICON_NAME = AppIcon;
				CODE_SIGN_STYLE = Automatic;
				DEVELOPMENT_TEAM = T5E8L2XP69;
				INFOPLIST_FILE = FingerPaint/Info.plist;
				LD_RUNPATH_SEARCH_PATHS = "$(inherited) @executable_path/Frameworks";
				PRODUCT_BUNDLE_IDENTIFIER = hearthedge.FingerPaint;
				PRODUCT_NAME = "$(TARGET_NAME)";
				TARGETED_DEVICE_FAMILY = "1,2";
			};
			name = Debug;
		};
		4942A8DD1F93E5E700886F0E /* Release */ = {
			isa = XCBuildConfiguration;
			buildSettings = {
				ASSETCATALOG_COMPILER_APPICON_NAME = AppIcon;
				CODE_SIGN_STYLE = Automatic;
				DEVELOPMENT_TEAM = T5E8L2XP69;
				INFOPLIST_FILE = FingerPaint/Info.plist;
				LD_RUNPATH_SEARCH_PATHS = "$(inherited) @executable_path/Frameworks";
				PRODUCT_BUNDLE_IDENTIFIER = hearthedge.FingerPaint;
				PRODUCT_NAME = "$(TARGET_NAME)";
				TARGETED_DEVICE_FAMILY = "1,2";
			};
			name = Release;
		};
/* End XCBuildConfiguration section */

/* Begin XCConfigurationList section */
		4942A8C01F93E5E700886F0E /* Build configuration list for PBXProject "FingerPaint" */ = {
			isa = XCConfigurationList;
			buildConfigurations = (
				4942A8D91F93E5E700886F0E /* Debug */,
				4942A8DA1F93E5E700886F0E /* Release */,
			);
			defaultConfigurationIsVisible = 0;
			defaultConfigurationName = Release;
		};
		4942A8DB1F93E5E700886F0E /* Build configuration list for PBXNativeTarget "FingerPaint" */ = {
			isa = XCConfigurationList;
			buildConfigurations = (
				4942A8DC1F93E5E700886F0E /* Debug */,
				4942A8DD1F93E5E700886F0E /* Release */,
			);
			defaultConfigurationIsVisible = 0;
			defaultConfigurationName = Release;
		};
/* End XCConfigurationList section */
	};
	rootObject = 4942A8BD1F93E5E700886F0E /* Project object */;
}
